
Microsoft Visual Studio Solution File, Format Version 12.00
# Visual Studio 15
VisualStudioVersion = 15.0.27428.2002
MinimumVisualStudioVersion = 10.0.40219.1
Project("{FAE04EC0-301F-11D3-BF4B-00C04F79EFBC}") = "Mantissa", "Mantissa\Mantissa.csproj", "{D9E84904-833D-43BD-9C55-29FF89144EC7}"
EndProject
Global
	GlobalSection(SolutionConfigurationPlatforms) = preSolution
		Debug|Any CPU = Debug|Any CPU
		Release|Any CPU = Release|Any CPU
	EndGlobalSection
	GlobalSection(ProjectConfigurationPlatforms) = postSolution
		{D9E84904-833D-43BD-9C55-29FF89144EC7}.Debug|Any CPU.ActiveCfg = Debug|Any CPU
		{D9E84904-833D-43BD-9C55-29FF89144EC7}.Debug|Any CPU.Build.0 = Debug|Any CPU
		{D9E84904-833D-43BD-9C55-29FF89144EC7}.Release|Any CPU.ActiveCfg = Release|Any CPU
		{D9E84904-833D-43BD-9C55-29FF89144EC7}.Release|Any CPU.Build.0 = Release|Any CPU
	EndGlobalSection
	GlobalSection(SolutionProperties) = preSolution
		HideSolutionNode = FALSE
	EndGlobalSection
	GlobalSection(ExtensibilityGlobals) = postSolution
		SolutionGuid = {D4A5CE0C-CE01-48EC-AE8C-F7D4F818C311}
	EndGlobalSection
EndGlobal
