
Microsoft Visual Studio Solution File, Format Version 12.00
# Visual Studio 15
VisualStudioVersion = 15.0.27428.2002
MinimumVisualStudioVersion = 10.0.40219.1
Project("{FAE04EC0-301F-11D3-BF4B-00C04F79EFBC}") = "ConsoleApp3", "ConsoleApp3\ConsoleApp3.csproj", "{4F107BDB-A8CC-4BDB-876D-94E13249161C}"
EndProject
Global
	GlobalSection(SolutionConfigurationPlatforms) = preSolution
		Debug|Any CPU = Debug|Any CPU
		Release|Any CPU = Release|Any CPU
	EndGlobalSection
	GlobalSection(ProjectConfigurationPlatforms) = postSolution
		{4F107BDB-A8CC-4BDB-876D-94E13249161C}.Debug|Any CPU.ActiveCfg = Debug|Any CPU
		{4F107BDB-A8CC-4BDB-876D-94E13249161C}.Debug|Any CPU.Build.0 = Debug|Any CPU
		{4F107BDB-A8CC-4BDB-876D-94E13249161C}.Release|Any CPU.ActiveCfg = Release|Any CPU
		{4F107BDB-A8CC-4BDB-876D-94E13249161C}.Release|Any CPU.Build.0 = Release|Any CPU
	EndGlobalSection
	GlobalSection(SolutionProperties) = preSolution
		HideSolutionNode = FALSE
	EndGlobalSection
	GlobalSection(ExtensibilityGlobals) = postSolution
		SolutionGuid = {86E26DE8-6C0B-4D9D-82B0-C5C61DD27ED8}
	EndGlobalSection
EndGlobal
